
Microsoft Visual Studio Solution File, Format Version 12.00
# Visual Studio Version 17
VisualStudioVersion = 17.3.32811.315
MinimumVisualStudioVersion = 10.0.40219.1
Project("{9A19103F-16F7-4668-BE54-9A1E7A4F7556}") = "Run", "Run\Run.csproj", "{1AB36FD6-53AB-4004-ABEE-E06C25BE565B}"
EndProject
Global
	GlobalSection(SolutionConfigurationPlatforms) = preSolution
		Debug|Any CPU = Debug|Any CPU
		Debug|x64 = Debug|x64
		Release|Any CPU = Release|Any CPU
		Release|x64 = Release|x64
	EndGlobalSection
	GlobalSection(ProjectConfigurationPlatforms) = postSolution
		{1AB36FD6-53AB-4004-ABEE-E06C25BE565B}.Debug|Any CPU.ActiveCfg = Debug|Any CPU
		{1AB36FD6-53AB-4004-ABEE-E06C25BE565B}.Debug|Any CPU.Build.0 = Debug|Any CPU
		{1AB36FD6-53AB-4004-ABEE-E06C25BE565B}.Debug|x64.ActiveCfg = Debug|x64
		{1AB36FD6-53AB-4004-ABEE-E06C25BE565B}.Debug|x64.Build.0 = Debug|x64
		{1AB36FD6-53AB-4004-ABEE-E06C25BE565B}.Release|Any CPU.ActiveCfg = Release|Any CPU
		{1AB36FD6-53AB-4004-ABEE-E06C25BE565B}.Release|Any CPU.Build.0 = Release|Any CPU
		{1AB36FD6-53AB-4004-ABEE-E06C25BE565B}.Release|x64.ActiveCfg = Release|x64
		{1AB36FD6-53AB-4004-ABEE-E06C25BE565B}.Release|x64.Build.0 = Release|x64
	EndGlobalSection
	GlobalSection(SolutionProperties) = preSolution
		HideSolutionNode = FALSE
	EndGlobalSection
	GlobalSection(ExtensibilityGlobals) = postSolution
		SolutionGuid = {46F74850-1D2C-4424-8F27-EDD95F0BF28C}
	EndGlobalSection
EndGlobal
